{
  "name": "erp-csp-201",
  "version": "1.0.0",
  "lockfileVersion": 1,
  "requires": true,
  "dependencies": {
    "node-cache": {
      "version": "1.1.0",
      "resolved": "https://registry.npmjs.org/node-cache/-/node-cache-1.1.0.tgz",
      "integrity": "sha1-GGNlAy0jlb3/c0BBePsryJgaznA=",
      "requires": {
        "underscore": "*"
      }
    },
    "pear": {
      "version": "0.2.1",
      "resolved": "https://registry.npmjs.org/pear/-/pear-0.2.1.tgz",
      "integrity": "sha1-C87ErEegBrNhSVy9RPSzEJ1xwfE=",
      "requires": {
        "node-cache": "^1.1.0"
      }
    },
    "underscore": {
      "version": "1.13.1",
      "resolved": "https://registry.npmjs.org/underscore/-/underscore-1.13.1.tgz",
      "integrity": "sha512-hzSoAVtJF+3ZtiFX0VgfFPHEDRm7Y/QPjGyNo4TVdnDTdft3tr8hEkD25a1jC+TjTuE7tkHGKkhwCgs9dgBB2g=="
    }
  }
}
